
Microsoft Visual Studio Solution File, Format Version 12.00
# Visual Studio Version 17
VisualStudioVersion = 17.14.36408.4
MinimumVisualStudioVersion = 10.0.40219.1
Project("{2150E333-8FDC-42A3-9474-1A3956D46DE8}") = "Sources", "Sources", "{02EA681E-C7D8-13C7-8484-4AC65E1B71E8}"
EndProject
Project("{FAE04EC0-301F-11D3-BF4B-00C04F79EFBC}") = "Email.Server", "Sources\Email.Server\Email.Server.csproj", "{BAFB5606-309E-45A7-BAE9-996F2C06ACF0}"
EndProject
Project("{FAE04EC0-301F-11D3-BF4B-00C04F79EFBC}") = "Email.Web", "Sources\Email.Web\Email.Web.csproj", "{56373DAD-5FF9-4513-A8A0-5516DAF00117}"
EndProject
Global
	GlobalSection(SolutionConfigurationPlatforms) = preSolution
		Debug|Any CPU = Debug|Any CPU
		Release|Any CPU = Release|Any CPU
	EndGlobalSection
	GlobalSection(ProjectConfigurationPlatforms) = postSolution
		{BAFB5606-309E-45A7-BAE9-996F2C06ACF0}.Debug|Any CPU.ActiveCfg = Debug|Any CPU
		{BAFB5606-309E-45A7-BAE9-996F2C06ACF0}.Debug|Any CPU.Build.0 = Debug|Any CPU
		{BAFB5606-309E-45A7-BAE9-996F2C06ACF0}.Release|Any CPU.ActiveCfg = Release|Any CPU
		{BAFB5606-309E-45A7-BAE9-996F2C06ACF0}.Release|Any CPU.Build.0 = Release|Any CPU
		{56373DAD-5FF9-4513-A8A0-5516DAF00117}.Debug|Any CPU.ActiveCfg = Debug|Any CPU
		{56373DAD-5FF9-4513-A8A0-5516DAF00117}.Debug|Any CPU.Build.0 = Debug|Any CPU
		{56373DAD-5FF9-4513-A8A0-5516DAF00117}.Release|Any CPU.ActiveCfg = Release|Any CPU
		{56373DAD-5FF9-4513-A8A0-5516DAF00117}.Release|Any CPU.Build.0 = Release|Any CPU
	EndGlobalSection
	GlobalSection(SolutionProperties) = preSolution
		HideSolutionNode = FALSE
	EndGlobalSection
	GlobalSection(NestedProjects) = preSolution
		{BAFB5606-309E-45A7-BAE9-996F2C06ACF0} = {02EA681E-C7D8-13C7-8484-4AC65E1B71E8}
		{56373DAD-5FF9-4513-A8A0-5516DAF00117} = {02EA681E-C7D8-13C7-8484-4AC65E1B71E8}
	EndGlobalSection
	GlobalSection(ExtensibilityGlobals) = postSolution
		SolutionGuid = {67B3D304-32D7-4E44-AC0C-CF696955007B}
	EndGlobalSection
EndGlobal
